
Microsoft Visual Studio Solution File, Format Version 12.00
# Visual Studio Version 16
VisualStudioVersion = 16.0.34601.136
MinimumVisualStudioVersion = 10.0.40219.1
Project("{FAE04EC0-301F-11D3-BF4B-00C04F79EFBC}") = "ImpinjWriteTags", "src\ImpinjWriteTags\ImpinjWriteTags.csproj", "{24C54F5C-5251-4841-A90A-2B0E775C39E3}"
EndProject
Global
	GlobalSection(SolutionConfigurationPlatforms) = preSolution
		Debug|Any CPU = Debug|Any CPU
		Release|Any CPU = Release|Any CPU
	EndGlobalSection
	GlobalSection(ProjectConfigurationPlatforms) = postSolution
		{24C54F5C-5251-4841-A90A-2B0E775C39E3}.Debug|Any CPU.ActiveCfg = Debug|Any CPU
		{24C54F5C-5251-4841-A90A-2B0E775C39E3}.Debug|Any CPU.Build.0 = Debug|Any CPU
		{24C54F5C-5251-4841-A90A-2B0E775C39E3}.Release|Any CPU.ActiveCfg = Release|Any CPU
		{24C54F5C-5251-4841-A90A-2B0E775C39E3}.Release|Any CPU.Build.0 = Release|Any CPU
	EndGlobalSection
	GlobalSection(SolutionProperties) = preSolution
		HideSolutionNode = FALSE
	EndGlobalSection
	GlobalSection(ExtensibilityGlobals) = postSolution
		SolutionGuid = {B1C4C05E-9554-43E6-86FC-F34C3BABDFE8}
	EndGlobalSection
EndGlobal
